
Microsoft Visual Studio Solution File, Format Version 12.00
# Visual Studio Version 16
VisualStudioVersion = 16.0.30413.136
MinimumVisualStudioVersion = 10.0.40219.1
Project("{9A19103F-16F7-4668-BE54-9A1E7A4F7556}") = "MafiaRules", "MafiaRules\MafiaRules.csproj", "{F6B87192-5079-4C55-AB18-F6857A12E4F8}"
EndProject
Project("{9A19103F-16F7-4668-BE54-9A1E7A4F7556}") = "ServerHelper", "ServerHelper\ServerHelper.csproj", "{859C103C-FAB8-4B00-A535-8B7F6D137108}"
EndProject
Project("{FAE04EC0-301F-11D3-BF4B-00C04F79EFBC}") = "GodFox", "GodFox\GodFox.csproj", "{EAD9710F-974F-452C-9CC8-9E55B2E49AD6}"
EndProject
Global
	GlobalSection(SolutionConfigurationPlatforms) = preSolution
		Debug|Any CPU = Debug|Any CPU
		Release|Any CPU = Release|Any CPU
	EndGlobalSection
	GlobalSection(ProjectConfigurationPlatforms) = postSolution
		{F6B87192-5079-4C55-AB18-F6857A12E4F8}.Debug|Any CPU.ActiveCfg = Debug|Any CPU
		{F6B87192-5079-4C55-AB18-F6857A12E4F8}.Debug|Any CPU.Build.0 = Debug|Any CPU
		{F6B87192-5079-4C55-AB18-F6857A12E4F8}.Release|Any CPU.ActiveCfg = Release|Any CPU
		{F6B87192-5079-4C55-AB18-F6857A12E4F8}.Release|Any CPU.Build.0 = Release|Any CPU
		{859C103C-FAB8-4B00-A535-8B7F6D137108}.Debug|Any CPU.ActiveCfg = Debug|Any CPU
		{859C103C-FAB8-4B00-A535-8B7F6D137108}.Debug|Any CPU.Build.0 = Debug|Any CPU
		{859C103C-FAB8-4B00-A535-8B7F6D137108}.Release|Any CPU.ActiveCfg = Release|Any CPU
		{859C103C-FAB8-4B00-A535-8B7F6D137108}.Release|Any CPU.Build.0 = Release|Any CPU
		{EAD9710F-974F-452C-9CC8-9E55B2E49AD6}.Debug|Any CPU.ActiveCfg = Debug|Any CPU
		{EAD9710F-974F-452C-9CC8-9E55B2E49AD6}.Debug|Any CPU.Build.0 = Debug|Any CPU
		{EAD9710F-974F-452C-9CC8-9E55B2E49AD6}.Release|Any CPU.ActiveCfg = Release|Any CPU
		{EAD9710F-974F-452C-9CC8-9E55B2E49AD6}.Release|Any CPU.Build.0 = Release|Any CPU
	EndGlobalSection
	GlobalSection(SolutionProperties) = preSolution
		HideSolutionNode = FALSE
	EndGlobalSection
	GlobalSection(ExtensibilityGlobals) = postSolution
		SolutionGuid = {1627C560-1F54-49ED-AE6A-CA0E09526BB3}
	EndGlobalSection
EndGlobal
